<?xml version="1.0" encoding="utf-8"?>
<Project ToolsVersion="4.0" xmlns="http://schemas.microsoft.com/developer/msbuild/2003">
  <ItemGroup>
    <Filter Include="Pliki źródłowe">
      <UniqueIdentifier>{4FC737F1-C7A5-4376-A066-2A32D752A2FF}</UniqueIdentifier>
      <Extensions>cpp;c;cc;cxx;c++;cppm;ixx;def;odl;idl;hpj;bat;asm;asmx</Extensions>
    </Filter>
    <Filter Include="Pliki nagłówkowe">
      <UniqueIdentifier>{93995380-89BD-4b04-88EB-625FBE52EBFB}</UniqueIdentifier>
      <Extensions>h;hh;hpp;hxx;h++;hm;inl;inc;ipp;xsd</Extensions>
    </Filter>
    <Filter Include="Pliki zasobów">
      <UniqueIdentifier>{67DA6AB6-F800-4c08-8B7A-83BB121AAD01}</UniqueIdentifier>
      <Extensions>rc;ico;cur;bmp;dlg;rc2;rct;bin;rgs;gif;jpg;jpeg;jpe;resx;tiff;tif;png;wav;mfcribbon-ms</Extensions>
    </Filter>
    <Filter Include="Pliki nagłówkowe\Scenes">
      <UniqueIdentifier>{654d5c83-ebaf-4b95-80b8-39faa51cfd4d}</UniqueIdentifier>
    </Filter>
    <Filter Include="Pliki źródłowe\Scenes">
      <UniqueIdentifier>{8cbca22c-c9be-4739-8dff-d4b3a733d056}</UniqueIdentifier>
    </Filter>
    <Filter Include="Pliki nagłówkowe\Objects">
      <UniqueIdentifier>{bfdd91fe-4622-4331-bafa-3f06b806944f}</UniqueIdentifier>
    </Filter>
    <Filter Include="Pliki źródłowe\Objects">
      <UniqueIdentifier>{698c7e77-2415-421d-b13e-a1b5b4750264}</UniqueIdentifier>
    </Filter>
    <Filter Include="Pliki nagłówkowe\Base Objects">
      <UniqueIdentifier>{1709961f-1c65-4512-afc3-cccd72d20412}</UniqueIdentifier>
    </Filter>
    <Filter Include="Pliki źródłowe\Base Objects">
      <UniqueIdentifier>{5ac470d9-5995-444f-b14a-9962072b218c}</UniqueIdentifier>
    </Filter>
  </ItemGroup>
  <ItemGroup>
    <None Include="packages.config" />
  </ItemGroup>
  <ItemGroup>
    <ClCompile Include="main.cpp">
      <Filter>Pliki źródłowe</Filter>
    </ClCompile>
    <ClCompile Include="src\App.cpp">
      <Filter>Pliki źródłowe</Filter>
    </ClCompile>
    <ClCompile Include="src\GameScene.cpp">
      <Filter>Pliki źródłowe\Scenes</Filter>
    </ClCompile>
    <ClCompile Include="src\Player.cpp">
      <Filter>Pliki źródłowe\Objects</Filter>
    </ClCompile>
    <ClCompile Include="src\Vector2D.cpp">
      <Filter>Pliki źródłowe\Base Objects</Filter>
    </ClCompile>
    <ClCompile Include="src\Polygon.cpp">
      <Filter>Pliki źródłowe\Base Objects</Filter>
    </ClCompile>
    <ClCompile Include="src\Asteroid.cpp">
      <Filter>Pliki źródłowe\Objects</Filter>
    </ClCompile>
    <ClCompile Include="src\Bullet.cpp">
      <Filter>Pliki źródłowe\Objects</Filter>
    </ClCompile>
    <ClCompile Include="src\Object.cpp">
      <Filter>Pliki źródłowe\Base Objects</Filter>
    </ClCompile>
    <ClCompile Include="src\MenuScene.cpp">
      <Filter>Pliki źródłowe\Scenes</Filter>
    </ClCompile>
    <ClCompile Include="src\Barrier.cpp">
      <Filter>Pliki źródłowe\Objects</Filter>
    </ClCompile>
    <ClCompile Include="src\Button.cpp">
      <Filter>Pliki źródłowe\Objects</Filter>
    </ClCompile>
  </ItemGroup>
  <ItemGroup>
    <ClInclude Include="inc\App.h">
      <Filter>Pliki nagłówkowe</Filter>
    </ClInclude>
    <ClInclude Include="inc\GameScene.h">
      <Filter>Pliki nagłówkowe\Scenes</Filter>
    </ClInclude>
    <ClInclude Include="inc\Scene.h">
      <Filter>Pliki nagłówkowe\Scenes</Filter>
    </ClInclude>
    <ClInclude Include="inc\Player.h">
      <Filter>Pliki nagłówkowe\Objects</Filter>
    </ClInclude>
    <ClInclude Include="inc\Vector2D.h">
      <Filter>Pliki nagłówkowe\Base Objects</Filter>
    </ClInclude>
    <ClInclude Include="inc\Polygon.h">
      <Filter>Pliki nagłówkowe\Base Objects</Filter>
    </ClInclude>
    <ClInclude Include="inc\Asteroid.h">
      <Filter>Pliki nagłówkowe\Objects</Filter>
    </ClInclude>
    <ClInclude Include="inc\Bullet.h">
      <Filter>Pliki nagłówkowe\Objects</Filter>
    </ClInclude>
    <ClInclude Include="inc\Barrier.h">
      <Filter>Pliki nagłówkowe\Objects</Filter>
    </ClInclude>
    <ClInclude Include="inc\Object.h">
      <Filter>Pliki nagłówkowe\Base Objects</Filter>
    </ClInclude>
    <ClInclude Include="inc\MenuScene.h">
      <Filter>Pliki nagłówkowe\Scenes</Filter>
    </ClInclude>
    <ClInclude Include="inc\Button.h">
      <Filter>Pliki nagłówkowe\Objects</Filter>
    </ClInclude>
  </ItemGroup>
</Project>